
Microsoft Visual Studio Solution File, Format Version 12.00
# Visual Studio Version 16
VisualStudioVersion = 16.0.30804.86
MinimumVisualStudioVersion = 10.0.40219.1
Project("{FAE04EC0-301F-11D3-BF4B-00C04F79EFBC}") = "backend", "backend\backend.csproj", "{94B9EB58-F4DF-469F-B223-EB164FCA824A}"
EndProject
Global
	GlobalSection(SolutionConfigurationPlatforms) = preSolution
		Debug|Any CPU = Debug|Any CPU
		Release|Any CPU = Release|Any CPU
	EndGlobalSection
	GlobalSection(ProjectConfigurationPlatforms) = postSolution
		{94B9EB58-F4DF-469F-B223-EB164FCA824A}.Debug|Any CPU.ActiveCfg = Debug|Any CPU
		{94B9EB58-F4DF-469F-B223-EB164FCA824A}.Debug|Any CPU.Build.0 = Debug|Any CPU
		{94B9EB58-F4DF-469F-B223-EB164FCA824A}.Release|Any CPU.ActiveCfg = Release|Any CPU
		{94B9EB58-F4DF-469F-B223-EB164FCA824A}.Release|Any CPU.Build.0 = Release|Any CPU
	EndGlobalSection
	GlobalSection(SolutionProperties) = preSolution
		HideSolutionNode = FALSE
	EndGlobalSection
	GlobalSection(ExtensibilityGlobals) = postSolution
		SolutionGuid = {412E29AA-96E2-49A1-B717-1D5BB1D6C89D}
	EndGlobalSection
EndGlobal
